schema: '2.0'
stages:
  train_pipeline:
    cmd: uv run python trainer.py model=logistic_regression
    deps:
    - path: conf/
      hash: md5
      md5: 623a5074a709ee2049f9f736cd66fe46.dir
      size: 175
      nfiles: 4
    - path: src/
      hash: md5
      md5: d24ed3bf2e695ba56d6cd4d7c5d930fb.dir
      size: 29737
      nfiles: 16
    - path: trainer.py
      hash: md5
      md5: 51e870d0765fa3b040826af96b585fa8
      size: 2522
    outs:
    - path: data/
      hash: md5
      md5: c5f612fdfe06b317e4101c4b035c692c.dir
      size: 89823
      nfiles: 2
    - path: models/
      hash: md5
      md5: 8b1d11e4cc8a0be7399a6a4a1d5ef3b3.dir
      size: 13466
      nfiles: 1
    - path: reports/
      hash: md5
      md5: 42188ae9e40257c37f74de427e338dad.dir
      size: 357324
      nfiles: 2
