schema: '2.0'
stages:
  train_pipeline:
    cmd: uv run python trainer.py model=random_forest
    deps:
    - path: conf/
      hash: md5
      md5: 623a5074a709ee2049f9f736cd66fe46.dir
      size: 175
      nfiles: 4
    - path: src/
      hash: md5
      md5: 2204c249846716dc59327727486bc6c2.dir
      size: 29737
      nfiles: 16
    - path: trainer.py
      hash: md5
      md5: a52d1d8132ca2db1863d285ea23a5f86
      size: 2934
    outs:
    - path: data/
      hash: md5
      md5: c5f612fdfe06b317e4101c4b035c692c.dir
      size: 89823
      nfiles: 2
    - path: models/
      hash: md5
      md5: 4e725b9e8c004f5a018d33e21ed152cf.dir
      size: 1593803
      nfiles: 1
    - path: reports/
      hash: md5
      md5: a0a51e0e8df22b954dd5e3fe4b1f06a4.dir
      size: 7486776
      nfiles: 2
